
Microsoft Visual Studio Solution File, Format Version 12.00
# Visual Studio Version 17
VisualStudioVersion = 17.8.34525.116
MinimumVisualStudioVersion = 10.0.40219.1
Project("{FAE04EC0-301F-11D3-BF4B-00C04F79EFBC}") = "Energy Insights", "Energy Insights.csproj", "{A7B756F9-B633-402D-9B7D-9D30944043CC}"
EndProject
Global
	GlobalSection(SolutionConfigurationPlatforms) = preSolution
		Debug|Any CPU = Debug|Any CPU
		Release|Any CPU = Release|Any CPU
	EndGlobalSection
	GlobalSection(ProjectConfigurationPlatforms) = postSolution
		{A7B756F9-B633-402D-9B7D-9D30944043CC}.Debug|Any CPU.ActiveCfg = Debug|Any CPU
		{A7B756F9-B633-402D-9B7D-9D30944043CC}.Debug|Any CPU.Build.0 = Debug|Any CPU
		{A7B756F9-B633-402D-9B7D-9D30944043CC}.Release|Any CPU.ActiveCfg = Release|Any CPU
		{A7B756F9-B633-402D-9B7D-9D30944043CC}.Release|Any CPU.Build.0 = Release|Any CPU
	EndGlobalSection
	GlobalSection(SolutionProperties) = preSolution
		HideSolutionNode = FALSE
	EndGlobalSection
	GlobalSection(ExtensibilityGlobals) = postSolution
		SolutionGuid = {A2553D76-B375-434D-832D-0D92261BCACF}
	EndGlobalSection
EndGlobal
